<?xml version="1.0" encoding="utf-8"?>
<Project ToolsVersion="4.0" xmlns="http://schemas.microsoft.com/developer/msbuild/2003">
  <ItemGroup>
    <Filter Include="Source Files">
      <UniqueIdentifier>{4FC737F1-C7A5-4376-A066-2A32D752A2FF}</UniqueIdentifier>
      <Extensions>cpp;c;cc;cxx;def;odl;idl;hpj;bat;asm;asmx</Extensions>
    </Filter>
    <Filter Include="Header Files">
      <UniqueIdentifier>{93995380-89BD-4b04-88EB-625FBE52EBFB}</UniqueIdentifier>
      <Extensions>h;hh;hpp;hxx;hm;inl;inc;ipp;xsd</Extensions>
    </Filter>
    <Filter Include="Resource Files">
      <UniqueIdentifier>{67DA6AB6-F800-4c08-8B7A-83BB121AAD01}</UniqueIdentifier>
      <Extensions>rc;ico;cur;bmp;dlg;rc2;rct;bin;rgs;gif;jpg;jpeg;jpe;resx;tiff;tif;png;wav;mfcribbon-ms</Extensions>
    </Filter>
    <Filter Include="Source Files\FileHandling">
      <UniqueIdentifier>{458d0c38-e592-4f1c-9efc-30dd59d768b2}</UniqueIdentifier>
    </Filter>
    <Filter Include="Source Files\UserInteraction">
      <UniqueIdentifier>{263e3424-ec0a-4ca4-837b-4bfff6c6bc54}</UniqueIdentifier>
    </Filter>
  </ItemGroup>
  <ItemGroup>
    <ClInclude Include="stdafx.h">
      <Filter>Header Files</Filter>
    </ClInclude>
    <ClInclude Include="targetver.h">
      <Filter>Header Files</Filter>
    </ClInclude>
    <ClInclude Include="Logger.h">
      <Filter>Header Files</Filter>
    </ClInclude>
    <ClInclude Include="StudentRecordStruct.h">
      <Filter>Header Files</Filter>
    </ClInclude>
    <ClInclude Include="StudentRecordFileHandling.h">
      <Filter>Source Files\FileHandling</Filter>
    </ClInclude>
    <ClInclude Include="StudentRecordUserInteraction.h">
      <Filter>Source Files\UserInteraction</Filter>
    </ClInclude>
  </ItemGroup>
  <ItemGroup>
    <ClCompile Include="stdafx.cpp">
      <Filter>Source Files</Filter>
    </ClCompile>
    <ClCompile Include="StudentRecordManagement.cpp">
      <Filter>Source Files</Filter>
    </ClCompile>
    <ClCompile Include="StudentRecordFileHandling.cpp">
      <Filter>Source Files\FileHandling</Filter>
    </ClCompile>
    <ClCompile Include="StudentRecordUserInteraction.cpp">
      <Filter>Source Files\UserInteraction</Filter>
    </ClCompile>
  </ItemGroup>
</Project>